[root]
name = "synthizer"
version = "0.0.1"
dependencies = [
 "docopt_macros 0.6.14 (git+git://github.com/docopt/docopt.rs)",
]

[[package]]
name = "docopt"
version = "0.6.14"
source = "git+git://github.com/docopt/docopt.rs#30909c4d8c508a3be260c0d96363eb22ea38f310"

[[package]]
name = "docopt_macros"
version = "0.6.14"
source = "git+git://github.com/docopt/docopt.rs#30909c4d8c508a3be260c0d96363eb22ea38f310"
dependencies = [
 "docopt 0.6.14 (git+git://github.com/docopt/docopt.rs)",
]

