[root]
name = "synthizer"
version = "0.0.1"
dependencies = [
 "docopt_macros 0.6.16 (git+git://github.com/docopt/docopt.rs)",
]

[[package]]
name = "docopt"
version = "0.6.16"
source = "git+git://github.com/docopt/docopt.rs#3f39bcc7f590716b6dbb21822fe96f649871ded4"

[[package]]
name = "docopt_macros"
version = "0.6.16"
source = "git+git://github.com/docopt/docopt.rs#3f39bcc7f590716b6dbb21822fe96f649871ded4"
dependencies = [
 "docopt 0.6.16 (git+git://github.com/docopt/docopt.rs)",
]

