[root]
name = "synthizer"
version = "0.0.1"
dependencies = [
 "docopt_macros 0.6.13 (git+git://github.com/docopt/docopt.rs)",
]

[[package]]
name = "docopt"
version = "0.6.13"
source = "git+git://github.com/docopt/docopt.rs#38cc4572bef4dc5cbcb7526500aa14d1898c426d"

[[package]]
name = "docopt_macros"
version = "0.6.13"
source = "git+git://github.com/docopt/docopt.rs#38cc4572bef4dc5cbcb7526500aa14d1898c426d"
dependencies = [
 "docopt 0.6.13 (git+git://github.com/docopt/docopt.rs)",
]

